// !$*UTF8*$!
{
	archiveVersion = 1;
	classes = {
	};
	objectVersion = 46;
	objects = {

/* Begin PBXBuildFile section */
		538BC2701D4266430066C4AA /* AppDelegate.swift in Sources */ = {isa = PBXBuildFile; fileRef = 538BC26F1D4266430066C4AA /* AppDelegate.swift */; };
		538BC2781D4266430066C4AA /* MyFeed.xcdatamodeld in Sources */ = {isa = PBXBuildFile; fileRef = 538BC2761D4266430066C4AA /* MyFeed.xcdatamodeld */; };
		538BC27A1D4266430066C4AA /* Assets.xcassets in Resources */ = {isa = PBXBuildFile; fileRef = 538BC2791D4266430066C4AA /* Assets.xcassets */; };
		538BC27D1D4266430066C4AA /* LaunchScreen.storyboard in Resources */ = {isa = PBXBuildFile; fileRef = 538BC27B1D4266430066C4AA /* LaunchScreen.storyboard */; };
		538BC2851D42674C0066C4AA /* HomeController.swift in Sources */ = {isa = PBXBuildFile; fileRef = 538BC2841D42674C0066C4AA /* HomeController.swift */; };
		538BC2871D42677F0066C4AA /* FeedController.swift in Sources */ = {isa = PBXBuildFile; fileRef = 538BC2861D42677F0066C4AA /* FeedController.swift */; };
		538BC2891D4268FD0066C4AA /* Entry.swift in Sources */ = {isa = PBXBuildFile; fileRef = 538BC2881D4268FD0066C4AA /* Entry.swift */; };
		538BC28F1D426AE80066C4AA /* APIClient.swift in Sources */ = {isa = PBXBuildFile; fileRef = 538BC28D1D426AE80066C4AA /* APIClient.swift */; };
		538BC2901D426AE80066C4AA /* WebserviceClient.swift in Sources */ = {isa = PBXBuildFile; fileRef = 538BC28E1D426AE80066C4AA /* WebserviceClient.swift */; };
		538BC2921D427B3E0066C4AA /* SafeJSONObject.swift in Sources */ = {isa = PBXBuildFile; fileRef = 538BC2911D427B3E0066C4AA /* SafeJSONObject.swift */; };
		538BC2941D427CE90066C4AA /* EntryController.swift in Sources */ = {isa = PBXBuildFile; fileRef = 538BC2931D427CE90066C4AA /* EntryController.swift */; };
		538BC2981D427D570066C4AA /* UIViewExtension.swift in Sources */ = {isa = PBXBuildFile; fileRef = 538BC2971D427D570066C4AA /* UIViewExtension.swift */; };
		538BC29B1D4285870066C4AA /* FeedSource.swift in Sources */ = {isa = PBXBuildFile; fileRef = 538BC29A1D4285870066C4AA /* FeedSource.swift */; };
		538BC29D1D428C010066C4AA /* UIViewControllerExtension.swift in Sources */ = {isa = PBXBuildFile; fileRef = 538BC29C1D428C010066C4AA /* UIViewControllerExtension.swift */; };
		538BC2A01D428FF50066C4AA /* Feed+CoreDataProperties.swift in Sources */ = {isa = PBXBuildFile; fileRef = 538BC29E1D428FF50066C4AA /* Feed+CoreDataProperties.swift */; };
		538BC2A11D428FF50066C4AA /* Feed.swift in Sources */ = {isa = PBXBuildFile; fileRef = 538BC29F1D428FF50066C4AA /* Feed.swift */; };
		538BC2A41D429DDF0066C4AA /* README.md in Sources */ = {isa = PBXBuildFile; fileRef = 538BC2A31D429DDF0066C4AA /* README.md */; };
/* End PBXBuildFile section */

/* Begin PBXFileReference section */
		538BC26C1D4266430066C4AA /* MyFeed.app */ = {isa = PBXFileReference; explicitFileType = wrapper.application; includeInIndex = 0; path = MyFeed.app; sourceTree = BUILT_PRODUCTS_DIR; };
		538BC26F1D4266430066C4AA /* AppDelegate.swift */ = {isa = PBXFileReference; lastKnownFileType = sourcecode.swift; path = AppDelegate.swift; sourceTree = "<group>"; };
		538BC2771D4266430066C4AA /* MyFeed.xcdatamodel */ = {isa = PBXFileReference; lastKnownFileType = wrapper.xcdatamodel; path = MyFeed.xcdatamodel; sourceTree = "<group>"; };
		538BC2791D4266430066C4AA /* Assets.xcassets */ = {isa = PBXFileReference; lastKnownFileType = folder.assetcatalog; path = Assets.xcassets; sourceTree = "<group>"; };
		538BC27C1D4266430066C4AA /* Base */ = {isa = PBXFileReference; lastKnownFileType = file.storyboard; name = Base; path = Base.lproj/LaunchScreen.storyboard; sourceTree = "<group>"; };
		538BC27E1D4266430066C4AA /* Info.plist */ = {isa = PBXFileReference; lastKnownFileType = text.plist.xml; path = Info.plist; sourceTree = "<group>"; };
		538BC2841D42674C0066C4AA /* HomeController.swift */ = {isa = PBXFileReference; fileEncoding = 4; lastKnownFileType = sourcecode.swift; path = HomeController.swift; sourceTree = "<group>"; };
		538BC2861D42677F0066C4AA /* FeedController.swift */ = {isa = PBXFileReference; fileEncoding = 4; lastKnownFileType = sourcecode.swift; path = FeedController.swift; sourceTree = "<group>"; };
		538BC2881D4268FD0066C4AA /* Entry.swift */ = {isa = PBXFileReference; fileEncoding = 4; lastKnownFileType = sourcecode.swift; path = Entry.swift; sourceTree = "<group>"; };
		538BC28D1D426AE80066C4AA /* APIClient.swift */ = {isa = PBXFileReference; fileEncoding = 4; lastKnownFileType = sourcecode.swift; path = APIClient.swift; sourceTree = "<group>"; };
		538BC28E1D426AE80066C4AA /* WebserviceClient.swift */ = {isa = PBXFileReference; fileEncoding = 4; lastKnownFileType = sourcecode.swift; path = WebserviceClient.swift; sourceTree = "<group>"; };
		538BC2911D427B3E0066C4AA /* SafeJSONObject.swift */ = {isa = PBXFileReference; fileEncoding = 4; lastKnownFileType = sourcecode.swift; path = SafeJSONObject.swift; sourceTree = "<group>"; };
		538BC2931D427CE90066C4AA /* EntryController.swift */ = {isa = PBXFileReference; fileEncoding = 4; lastKnownFileType = sourcecode.swift; path = EntryController.swift; sourceTree = "<group>"; };
		538BC2971D427D570066C4AA /* UIViewExtension.swift */ = {isa = PBXFileReference; fileEncoding = 4; lastKnownFileType = sourcecode.swift; path = UIViewExtension.swift; sourceTree = "<group>"; };
		538BC29A1D4285870066C4AA /* FeedSource.swift */ = {isa = PBXFileReference; fileEncoding = 4; lastKnownFileType = sourcecode.swift; path = FeedSource.swift; sourceTree = "<group>"; };
		538BC29C1D428C010066C4AA /* UIViewControllerExtension.swift */ = {isa = PBXFileReference; fileEncoding = 4; lastKnownFileType = sourcecode.swift; path = UIViewControllerExtension.swift; sourceTree = "<group>"; };
		538BC29E1D428FF50066C4AA /* Feed+CoreDataProperties.swift */ = {isa = PBXFileReference; fileEncoding = 4; lastKnownFileType = sourcecode.swift; path = "Feed+CoreDataProperties.swift"; sourceTree = "<group>"; };
		538BC29F1D428FF50066C4AA /* Feed.swift */ = {isa = PBXFileReference; fileEncoding = 4; lastKnownFileType = sourcecode.swift; path = Feed.swift; sourceTree = "<group>"; };
		538BC2A31D429DDF0066C4AA /* README.md */ = {isa = PBXFileReference; fileEncoding = 4; lastKnownFileType = net.daringfireball.markdown; path = README.md; sourceTree = "<group>"; };
/* End PBXFileReference section */

/* Begin PBXFrameworksBuildPhase section */
		538BC2691D4266430066C4AA /* Frameworks */ = {
			isa = PBXFrameworksBuildPhase;
			buildActionMask = 2147483647;
			files = (
			);
			runOnlyForDeploymentPostprocessing = 0;
		};
/* End PBXFrameworksBuildPhase section */

/* Begin PBXGroup section */
		538BC2631D4266430066C4AA = {
			isa = PBXGroup;
			children = (
				538BC2A31D429DDF0066C4AA /* README.md */,
				538BC26E1D4266430066C4AA /* MyFeed */,
				538BC26D1D4266430066C4AA /* Products */,
			);
			sourceTree = "<group>";
		};
		538BC26D1D4266430066C4AA /* Products */ = {
			isa = PBXGroup;
			children = (
				538BC26C1D4266430066C4AA /* MyFeed.app */,
			);
			name = Products;
			sourceTree = "<group>";
		};
		538BC26E1D4266430066C4AA /* MyFeed */ = {
			isa = PBXGroup;
			children = (
				538BC26F1D4266430066C4AA /* AppDelegate.swift */,
				538BC2991D427D640066C4AA /* Extension */,
				538BC28C1D426AD10066C4AA /* Webservice */,
				538BC28B1D426ACB0066C4AA /* Controller */,
				538BC2A21D4290010066C4AA /* CoreData */,
				538BC28A1D426AC30066C4AA /* Model */,
				538BC2791D4266430066C4AA /* Assets.xcassets */,
				538BC27B1D4266430066C4AA /* LaunchScreen.storyboard */,
				538BC27E1D4266430066C4AA /* Info.plist */,
				538BC2761D4266430066C4AA /* MyFeed.xcdatamodeld */,
			);
			path = MyFeed;
			sourceTree = "<group>";
		};
		538BC28A1D426AC30066C4AA /* Model */ = {
			isa = PBXGroup;
			children = (
				538BC2911D427B3E0066C4AA /* SafeJSONObject.swift */,
				538BC2881D4268FD0066C4AA /* Entry.swift */,
				538BC29A1D4285870066C4AA /* FeedSource.swift */,
			);
			name = Model;
			sourceTree = "<group>";
		};
		538BC28B1D426ACB0066C4AA /* Controller */ = {
			isa = PBXGroup;
			children = (
				538BC2841D42674C0066C4AA /* HomeController.swift */,
				538BC2861D42677F0066C4AA /* FeedController.swift */,
				538BC2931D427CE90066C4AA /* EntryController.swift */,
			);
			name = Controller;
			sourceTree = "<group>";
		};
		538BC28C1D426AD10066C4AA /* Webservice */ = {
			isa = PBXGroup;
			children = (
				538BC28D1D426AE80066C4AA /* APIClient.swift */,
				538BC28E1D426AE80066C4AA /* WebserviceClient.swift */,
			);
			name = Webservice;
			sourceTree = "<group>";
		};
		538BC2991D427D640066C4AA /* Extension */ = {
			isa = PBXGroup;
			children = (
				538BC2971D427D570066C4AA /* UIViewExtension.swift */,
				538BC29C1D428C010066C4AA /* UIViewControllerExtension.swift */,
			);
			name = Extension;
			sourceTree = "<group>";
		};
		538BC2A21D4290010066C4AA /* CoreData */ = {
			isa = PBXGroup;
			children = (
				538BC29E1D428FF50066C4AA /* Feed+CoreDataProperties.swift */,
				538BC29F1D428FF50066C4AA /* Feed.swift */,
			);
			name = CoreData;
			sourceTree = "<group>";
		};
/* End PBXGroup section */

/* Begin PBXNativeTarget section */
		538BC26B1D4266430066C4AA /* MyFeed */ = {
			isa = PBXNativeTarget;
			buildConfigurationList = 538BC2811D4266430066C4AA /* Build configuration list for PBXNativeTarget "MyFeed" */;
			buildPhases = (
				538BC2681D4266430066C4AA /* Sources */,
				538BC2691D4266430066C4AA /* Frameworks */,
				538BC26A1D4266430066C4AA /* Resources */,
			);
			buildRules = (
			);
			dependencies = (
			);
			name = MyFeed;
			productName = MyFeed;
			productReference = 538BC26C1D4266430066C4AA /* MyFeed.app */;
			productType = "com.apple.product-type.application";
		};
/* End PBXNativeTarget section */

/* Begin PBXProject section */
		538BC2641D4266430066C4AA /* Project object */ = {
			isa = PBXProject;
			attributes = {
				LastSwiftUpdateCheck = 0730;
				LastUpgradeCheck = 0800;
				ORGANIZATIONNAME = "André Henrique da Silva";
				TargetAttributes = {
					538BC26B1D4266430066C4AA = {
						CreatedOnToolsVersion = 7.3.1;
						LastSwiftMigration = 0800;
					};
				};
			};
			buildConfigurationList = 538BC2671D4266430066C4AA /* Build configuration list for PBXProject "MyFeed" */;
			compatibilityVersion = "Xcode 3.2";
			developmentRegion = English;
			hasScannedForEncodings = 0;
			knownRegions = (
				en,
				Base,
			);
			mainGroup = 538BC2631D4266430066C4AA;
			productRefGroup = 538BC26D1D4266430066C4AA /* Products */;
			projectDirPath = "";
			projectRoot = "";
			targets = (
				538BC26B1D4266430066C4AA /* MyFeed */,
			);
		};
/* End PBXProject section */

/* Begin PBXResourcesBuildPhase section */
		538BC26A1D4266430066C4AA /* Resources */ = {
			isa = PBXResourcesBuildPhase;
			buildActionMask = 2147483647;
			files = (
				538BC27D1D4266430066C4AA /* LaunchScreen.storyboard in Resources */,
				538BC27A1D4266430066C4AA /* Assets.xcassets in Resources */,
			);
			runOnlyForDeploymentPostprocessing = 0;
		};
/* End PBXResourcesBuildPhase section */

/* Begin PBXSourcesBuildPhase section */
		538BC2681D4266430066C4AA /* Sources */ = {
			isa = PBXSourcesBuildPhase;
			buildActionMask = 2147483647;
			files = (
				538BC2981D427D570066C4AA /* UIViewExtension.swift in Sources */,
				538BC29D1D428C010066C4AA /* UIViewControllerExtension.swift in Sources */,
				538BC2891D4268FD0066C4AA /* Entry.swift in Sources */,
				538BC2A11D428FF50066C4AA /* Feed.swift in Sources */,
				538BC2781D4266430066C4AA /* MyFeed.xcdatamodeld in Sources */,
				538BC2701D4266430066C4AA /* AppDelegate.swift in Sources */,
				538BC2941D427CE90066C4AA /* EntryController.swift in Sources */,
				538BC2901D426AE80066C4AA /* WebserviceClient.swift in Sources */,
				538BC29B1D4285870066C4AA /* FeedSource.swift in Sources */,
				538BC2851D42674C0066C4AA /* HomeController.swift in Sources */,
				538BC2871D42677F0066C4AA /* FeedController.swift in Sources */,
				538BC2A01D428FF50066C4AA /* Feed+CoreDataProperties.swift in Sources */,
				538BC2A41D429DDF0066C4AA /* README.md in Sources */,
				538BC28F1D426AE80066C4AA /* APIClient.swift in Sources */,
				538BC2921D427B3E0066C4AA /* SafeJSONObject.swift in Sources */,
			);
			runOnlyForDeploymentPostprocessing = 0;
		};
/* End PBXSourcesBuildPhase section */

/* Begin PBXVariantGroup section */
		538BC27B1D4266430066C4AA /* LaunchScreen.storyboard */ = {
			isa = PBXVariantGroup;
			children = (
				538BC27C1D4266430066C4AA /* Base */,
			);
			name = LaunchScreen.storyboard;
			sourceTree = "<group>";
		};
/* End PBXVariantGroup section */

/* Begin XCBuildConfiguration section */
		538BC27F1D4266430066C4AA /* Debug */ = {
			isa = XCBuildConfiguration;
			buildSettings = {
				ALWAYS_SEARCH_USER_PATHS = NO;
				CLANG_ANALYZER_NONNULL = YES;
				CLANG_CXX_LANGUAGE_STANDARD = "gnu++0x";
				CLANG_CXX_LIBRARY = "libc++";
				CLANG_ENABLE_MODULES = YES;
				CLANG_ENABLE_OBJC_ARC = YES;
				CLANG_WARN_BOOL_CONVERSION = YES;
				CLANG_WARN_CONSTANT_CONVERSION = YES;
				CLANG_WARN_DIRECT_OBJC_ISA_USAGE = YES_ERROR;
				CLANG_WARN_EMPTY_BODY = YES;
				CLANG_WARN_ENUM_CONVERSION = YES;
				CLANG_WARN_INFINITE_RECURSION = YES;
				CLANG_WARN_INT_CONVERSION = YES;
				CLANG_WARN_OBJC_ROOT_CLASS = YES_ERROR;
				CLANG_WARN_SUSPICIOUS_MOVE = YES;
				CLANG_WARN_UNREACHABLE_CODE = YES;
				CLANG_WARN__DUPLICATE_METHOD_MATCH = YES;
				"CODE_SIGN_IDENTITY[sdk=iphoneos*]" = "iPhone Developer";
				COPY_PHASE_STRIP = NO;
				DEBUG_INFORMATION_FORMAT = dwarf;
				ENABLE_STRICT_OBJC_MSGSEND = YES;
				ENABLE_TESTABILITY = YES;
				GCC_C_LANGUAGE_STANDARD = gnu99;
				GCC_DYNAMIC_NO_PIC = NO;
				GCC_NO_COMMON_BLOCKS = YES;
				GCC_OPTIMIZATION_LEVEL = 0;
				GCC_PREPROCESSOR_DEFINITIONS = (
					"DEBUG=1",
					"$(inherited)",
				);
				GCC_WARN_64_TO_32_BIT_CONVERSION = YES;
				GCC_WARN_ABOUT_RETURN_TYPE = YES_ERROR;
				GCC_WARN_UNDECLARED_SELECTOR = YES;
				GCC_WARN_UNINITIALIZED_AUTOS = YES_AGGRESSIVE;
				GCC_WARN_UNUSED_FUNCTION = YES;
				GCC_WARN_UNUSED_VARIABLE = YES;
				IPHONEOS_DEPLOYMENT_TARGET = 9.3;
				MTL_ENABLE_DEBUG_INFO = YES;
				ONLY_ACTIVE_ARCH = YES;
				SDKROOT = iphoneos;
				SWIFT_OPTIMIZATION_LEVEL = "-Onone";
			};
			name = Debug;
		};
		538BC2801D4266430066C4AA /* Release */ = {
			isa = XCBuildConfiguration;
			buildSettings = {
				ALWAYS_SEARCH_USER_PATHS = NO;
				CLANG_ANALYZER_NONNULL = YES;
				CLANG_CXX_LANGUAGE_STANDARD = "gnu++0x";
				CLANG_CXX_LIBRARY = "libc++";
				CLANG_ENABLE_MODULES = YES;
				CLANG_ENABLE_OBJC_ARC = YES;
				CLANG_WARN_BOOL_CONVERSION = YES;
				CLANG_WARN_CONSTANT_CONVERSION = YES;
				CLANG_WARN_DIRECT_OBJC_ISA_USAGE = YES_ERROR;
				CLANG_WARN_EMPTY_BODY = YES;
				CLANG_WARN_ENUM_CONVERSION = YES;
				CLANG_WARN_INFINITE_RECURSION = YES;
				CLANG_WARN_INT_CONVERSION = YES;
				CLANG_WARN_OBJC_ROOT_CLASS = YES_ERROR;
				CLANG_WARN_SUSPICIOUS_MOVE = YES;
				CLANG_WARN_UNREACHABLE_CODE = YES;
				CLANG_WARN__DUPLICATE_METHOD_MATCH = YES;
				"CODE_SIGN_IDENTITY[sdk=iphoneos*]" = "iPhone Developer";
				COPY_PHASE_STRIP = NO;
				DEBUG_INFORMATION_FORMAT = "dwarf-with-dsym";
				ENABLE_NS_ASSERTIONS = NO;
				ENABLE_STRICT_OBJC_MSGSEND = YES;
				GCC_C_LANGUAGE_STANDARD = gnu99;
				GCC_NO_COMMON_BLOCKS = YES;
				GCC_WARN_64_TO_32_BIT_CONVERSION = YES;
				GCC_WARN_ABOUT_RETURN_TYPE = YES_ERROR;
				GCC_WARN_UNDECLARED_SELECTOR = YES;
				GCC_WARN_UNINITIALIZED_AUTOS = YES_AGGRESSIVE;
				GCC_WARN_UNUSED_FUNCTION = YES;
				GCC_WARN_UNUSED_VARIABLE = YES;
				IPHONEOS_DEPLOYMENT_TARGET = 9.3;
				MTL_ENABLE_DEBUG_INFO = NO;
				SDKROOT = iphoneos;
				SWIFT_OPTIMIZATION_LEVEL = "-Owholemodule";
				VALIDATE_PRODUCT = YES;
			};
			name = Release;
		};
		538BC2821D4266430066C4AA /* Debug */ = {
			isa = XCBuildConfiguration;
			buildSettings = {
				ASSETCATALOG_COMPILER_APPICON_NAME = AppIcon;
				INFOPLIST_FILE = MyFeed/Info.plist;
				IPHONEOS_DEPLOYMENT_TARGET = 8.0;
				LD_RUNPATH_SEARCH_PATHS = "$(inherited) @executable_path/Frameworks";
				PRODUCT_BUNDLE_IDENTIFIER = com.ahenqs.MyFeed;
				PRODUCT_NAME = "$(TARGET_NAME)";
				SWIFT_VERSION = 2.3;
			};
			name = Debug;
		};
		538BC2831D4266430066C4AA /* Release */ = {
			isa = XCBuildConfiguration;
			buildSettings = {
				ASSETCATALOG_COMPILER_APPICON_NAME = AppIcon;
				INFOPLIST_FILE = MyFeed/Info.plist;
				IPHONEOS_DEPLOYMENT_TARGET = 8.0;
				LD_RUNPATH_SEARCH_PATHS = "$(inherited) @executable_path/Frameworks";
				PRODUCT_BUNDLE_IDENTIFIER = com.ahenqs.MyFeed;
				PRODUCT_NAME = "$(TARGET_NAME)";
				SWIFT_VERSION = 2.3;
			};
			name = Release;
		};
/* End XCBuildConfiguration section */

/* Begin XCConfigurationList section */
		538BC2671D4266430066C4AA /* Build configuration list for PBXProject "MyFeed" */ = {
			isa = XCConfigurationList;
			buildConfigurations = (
				538BC27F1D4266430066C4AA /* Debug */,
				538BC2801D4266430066C4AA /* Release */,
			);
			defaultConfigurationIsVisible = 0;
			defaultConfigurationName = Release;
		};
		538BC2811D4266430066C4AA /* Build configuration list for PBXNativeTarget "MyFeed" */ = {
			isa = XCConfigurationList;
			buildConfigurations = (
				538BC2821D4266430066C4AA /* Debug */,
				538BC2831D4266430066C4AA /* Release */,
			);
			defaultConfigurationIsVisible = 0;
			defaultConfigurationName = Release;
		};
/* End XCConfigurationList section */

/* Begin XCVersionGroup section */
		538BC2761D4266430066C4AA /* MyFeed.xcdatamodeld */ = {
			isa = XCVersionGroup;
			children = (
				538BC2771D4266430066C4AA /* MyFeed.xcdatamodel */,
			);
			currentVersion = 538BC2771D4266430066C4AA /* MyFeed.xcdatamodel */;
			path = MyFeed.xcdatamodeld;
			sourceTree = "<group>";
			versionGroupType = wrapper.xcdatamodel;
		};
/* End XCVersionGroup section */
	};
	rootObject = 538BC2641D4266430066C4AA /* Project object */;
}
